
Microsoft Visual Studio Solution File, Format Version 12.00
# Visual Studio 14
VisualStudioVersion = 14.0.25420.1
MinimumVisualStudioVersion = 10.0.40219.1
Project("{FAE04EC0-301F-11D3-BF4B-00C04F79EFBC}") = "CustomerLog", "CustomerLog\CustomerLog.csproj", "{C2C71657-7EBC-4E18-B36E-F22793A5B7BE}"
EndProject
Global
	GlobalSection(SolutionConfigurationPlatforms) = preSolution
		Debug|Any CPU = Debug|Any CPU
		Release|Any CPU = Release|Any CPU
	EndGlobalSection
	GlobalSection(ProjectConfigurationPlatforms) = postSolution
		{C2C71657-7EBC-4E18-B36E-F22793A5B7BE}.Debug|Any CPU.ActiveCfg = Debug|Any CPU
		{C2C71657-7EBC-4E18-B36E-F22793A5B7BE}.Debug|Any CPU.Build.0 = Debug|Any CPU
		{C2C71657-7EBC-4E18-B36E-F22793A5B7BE}.Release|Any CPU.ActiveCfg = Release|Any CPU
		{C2C71657-7EBC-4E18-B36E-F22793A5B7BE}.Release|Any CPU.Build.0 = Release|Any CPU
	EndGlobalSection
	GlobalSection(SolutionProperties) = preSolution
		HideSolutionNode = FALSE
	EndGlobalSection
EndGlobal
